// !$*UTF8*$!
{
	archiveVersion = 1;
	classes = {
	};
	objectVersion = 46;
	objects = {

/* Begin PBXBuildFile section */
		1CB323611BB32E76000D918A /* LionCub.swift in Sources */ = {isa = PBXBuildFile; fileRef = 1CB323601BB32E76000D918A /* LionCub.swift */; settings = {ASSET_TAGS = (); }; };
		630A71901B9D22D2006F8FC0 /* AppDelegate.swift in Sources */ = {isa = PBXBuildFile; fileRef = 630A718F1B9D22D2006F8FC0 /* AppDelegate.swift */; };
		630A71921B9D22D2006F8FC0 /* ViewController.swift in Sources */ = {isa = PBXBuildFile; fileRef = 630A71911B9D22D2006F8FC0 /* ViewController.swift */; };
		630A71951B9D22D2006F8FC0 /* Main.storyboard in Resources */ = {isa = PBXBuildFile; fileRef = 630A71931B9D22D2006F8FC0 /* Main.storyboard */; };
		630A71971B9D22D2006F8FC0 /* Images.xcassets in Resources */ = {isa = PBXBuildFile; fileRef = 630A71961B9D22D2006F8FC0 /* Images.xcassets */; };
		630A719A1B9D22D2006F8FC0 /* LaunchScreen.xib in Resources */ = {isa = PBXBuildFile; fileRef = 630A71981B9D22D2006F8FC0 /* LaunchScreen.xib */; };
		630A71A61B9D22D2006F8FC0 /* LionsAndTigersTests.swift in Sources */ = {isa = PBXBuildFile; fileRef = 630A71A51B9D22D2006F8FC0 /* LionsAndTigersTests.swift */; };
		630A71B01B9D27A8006F8FC0 /* Tiger.swift in Sources */ = {isa = PBXBuildFile; fileRef = 630A71AF1B9D27A8006F8FC0 /* Tiger.swift */; };
		630A71BA1B9D34CD006F8FC0 /* BengalTiger.jpg in Resources */ = {isa = PBXBuildFile; fileRef = 630A71B21B9D34CD006F8FC0 /* BengalTiger.jpg */; };
		630A71BB1B9D34CD006F8FC0 /* IndochineseTiger.jpg in Resources */ = {isa = PBXBuildFile; fileRef = 630A71B31B9D34CD006F8FC0 /* IndochineseTiger.jpg */; };
		630A71BC1B9D34CD006F8FC0 /* Lion.jpg in Resources */ = {isa = PBXBuildFile; fileRef = 630A71B41B9D34CD006F8FC0 /* Lion.jpg */; };
		630A71BD1B9D34CD006F8FC0 /* LionCub1.jpg in Resources */ = {isa = PBXBuildFile; fileRef = 630A71B51B9D34CD006F8FC0 /* LionCub1.jpg */; };
		630A71BE1B9D34CD006F8FC0 /* LionCub2.jpeg in Resources */ = {isa = PBXBuildFile; fileRef = 630A71B61B9D34CD006F8FC0 /* LionCub2.jpeg */; };
		630A71BF1B9D34CD006F8FC0 /* Lioness.jpeg in Resources */ = {isa = PBXBuildFile; fileRef = 630A71B71B9D34CD006F8FC0 /* Lioness.jpeg */; };
		630A71C01B9D34CD006F8FC0 /* MalayanTiger.jpg in Resources */ = {isa = PBXBuildFile; fileRef = 630A71B81B9D34CD006F8FC0 /* MalayanTiger.jpg */; };
		630A71C11B9D34CD006F8FC0 /* SiberianTiger.jpg in Resources */ = {isa = PBXBuildFile; fileRef = 630A71B91B9D34CD006F8FC0 /* SiberianTiger.jpg */; };
		6324F1491BA908450061F11B /* Lion.swift in Sources */ = {isa = PBXBuildFile; fileRef = 6324F1481BA908450061F11B /* Lion.swift */; };
/* End PBXBuildFile section */

/* Begin PBXContainerItemProxy section */
		630A71A01B9D22D2006F8FC0 /* PBXContainerItemProxy */ = {
			isa = PBXContainerItemProxy;
			containerPortal = 630A71821B9D22D2006F8FC0 /* Project object */;
			proxyType = 1;
			remoteGlobalIDString = 630A71891B9D22D2006F8FC0;
			remoteInfo = LionsAndTigers;
		};
/* End PBXContainerItemProxy section */

/* Begin PBXFileReference section */
		1CB323601BB32E76000D918A /* LionCub.swift */ = {isa = PBXFileReference; fileEncoding = 4; lastKnownFileType = sourcecode.swift; path = LionCub.swift; sourceTree = "<group>"; };
		630A718A1B9D22D2006F8FC0 /* LionsAndTigers.app */ = {isa = PBXFileReference; explicitFileType = wrapper.application; includeInIndex = 0; path = LionsAndTigers.app; sourceTree = BUILT_PRODUCTS_DIR; };
		630A718E1B9D22D2006F8FC0 /* Info.plist */ = {isa = PBXFileReference; lastKnownFileType = text.plist.xml; path = Info.plist; sourceTree = "<group>"; };
		630A718F1B9D22D2006F8FC0 /* AppDelegate.swift */ = {isa = PBXFileReference; lastKnownFileType = sourcecode.swift; path = AppDelegate.swift; sourceTree = "<group>"; };
		630A71911B9D22D2006F8FC0 /* ViewController.swift */ = {isa = PBXFileReference; lastKnownFileType = sourcecode.swift; path = ViewController.swift; sourceTree = "<group>"; };
		630A71941B9D22D2006F8FC0 /* Base */ = {isa = PBXFileReference; lastKnownFileType = file.storyboard; name = Base; path = Base.lproj/Main.storyboard; sourceTree = "<group>"; };
		630A71961B9D22D2006F8FC0 /* Images.xcassets */ = {isa = PBXFileReference; lastKnownFileType = folder.assetcatalog; path = Images.xcassets; sourceTree = "<group>"; };
		630A71991B9D22D2006F8FC0 /* Base */ = {isa = PBXFileReference; lastKnownFileType = file.xib; name = Base; path = Base.lproj/LaunchScreen.xib; sourceTree = "<group>"; };
		630A719F1B9D22D2006F8FC0 /* LionsAndTigersTests.xctest */ = {isa = PBXFileReference; explicitFileType = wrapper.cfbundle; includeInIndex = 0; path = LionsAndTigersTests.xctest; sourceTree = BUILT_PRODUCTS_DIR; };
		630A71A41B9D22D2006F8FC0 /* Info.plist */ = {isa = PBXFileReference; lastKnownFileType = text.plist.xml; path = Info.plist; sourceTree = "<group>"; };
		630A71A51B9D22D2006F8FC0 /* LionsAndTigersTests.swift */ = {isa = PBXFileReference; lastKnownFileType = sourcecode.swift; path = LionsAndTigersTests.swift; sourceTree = "<group>"; };
		630A71AF1B9D27A8006F8FC0 /* Tiger.swift */ = {isa = PBXFileReference; fileEncoding = 4; lastKnownFileType = sourcecode.swift; path = Tiger.swift; sourceTree = "<group>"; };
		630A71B21B9D34CD006F8FC0 /* BengalTiger.jpg */ = {isa = PBXFileReference; lastKnownFileType = image.jpeg; path = BengalTiger.jpg; sourceTree = "<group>"; };
		630A71B31B9D34CD006F8FC0 /* IndochineseTiger.jpg */ = {isa = PBXFileReference; lastKnownFileType = image.jpeg; path = IndochineseTiger.jpg; sourceTree = "<group>"; };
		630A71B41B9D34CD006F8FC0 /* Lion.jpg */ = {isa = PBXFileReference; lastKnownFileType = image.jpeg; path = Lion.jpg; sourceTree = "<group>"; };
		630A71B51B9D34CD006F8FC0 /* LionCub1.jpg */ = {isa = PBXFileReference; lastKnownFileType = image.jpeg; path = LionCub1.jpg; sourceTree = "<group>"; };
		630A71B61B9D34CD006F8FC0 /* LionCub2.jpeg */ = {isa = PBXFileReference; lastKnownFileType = image.jpeg; path = LionCub2.jpeg; sourceTree = "<group>"; };
		630A71B71B9D34CD006F8FC0 /* Lioness.jpeg */ = {isa = PBXFileReference; lastKnownFileType = image.jpeg; path = Lioness.jpeg; sourceTree = "<group>"; };
		630A71B81B9D34CD006F8FC0 /* MalayanTiger.jpg */ = {isa = PBXFileReference; lastKnownFileType = image.jpeg; path = MalayanTiger.jpg; sourceTree = "<group>"; };
		630A71B91B9D34CD006F8FC0 /* SiberianTiger.jpg */ = {isa = PBXFileReference; lastKnownFileType = image.jpeg; path = SiberianTiger.jpg; sourceTree = "<group>"; };
		6324F1481BA908450061F11B /* Lion.swift */ = {isa = PBXFileReference; fileEncoding = 4; lastKnownFileType = sourcecode.swift; path = Lion.swift; sourceTree = "<group>"; };
/* End PBXFileReference section */

/* Begin PBXFrameworksBuildPhase section */
		630A71871B9D22D2006F8FC0 /* Frameworks */ = {
			isa = PBXFrameworksBuildPhase;
			buildActionMask = 2147483647;
			files = (
			);
			runOnlyForDeploymentPostprocessing = 0;
		};
		630A719C1B9D22D2006F8FC0 /* Frameworks */ = {
			isa = PBXFrameworksBuildPhase;
			buildActionMask = 2147483647;
			files = (
			);
			runOnlyForDeploymentPostprocessing = 0;
		};
/* End PBXFrameworksBuildPhase section */

/* Begin PBXGroup section */
		630A71811B9D22D2006F8FC0 = {
			isa = PBXGroup;
			children = (
				630A718C1B9D22D2006F8FC0 /* LionsAndTigers */,
				630A71A21B9D22D2006F8FC0 /* LionsAndTigersTests */,
				630A718B1B9D22D2006F8FC0 /* Products */,
			);
			sourceTree = "<group>";
		};
		630A718B1B9D22D2006F8FC0 /* Products */ = {
			isa = PBXGroup;
			children = (
				630A718A1B9D22D2006F8FC0 /* LionsAndTigers.app */,
				630A719F1B9D22D2006F8FC0 /* LionsAndTigersTests.xctest */,
			);
			name = Products;
			sourceTree = "<group>";
		};
		630A718C1B9D22D2006F8FC0 /* LionsAndTigers */ = {
			isa = PBXGroup;
			children = (
				630A718F1B9D22D2006F8FC0 /* AppDelegate.swift */,
				630A71911B9D22D2006F8FC0 /* ViewController.swift */,
				1CB323601BB32E76000D918A /* LionCub.swift */,
				630A71AF1B9D27A8006F8FC0 /* Tiger.swift */,
				630A71931B9D22D2006F8FC0 /* Main.storyboard */,
				6324F1481BA908450061F11B /* Lion.swift */,
				630A71961B9D22D2006F8FC0 /* Images.xcassets */,
				630A71981B9D22D2006F8FC0 /* LaunchScreen.xib */,
				630A718D1B9D22D2006F8FC0 /* Supporting Files */,
			);
			path = LionsAndTigers;
			sourceTree = "<group>";
		};
		630A718D1B9D22D2006F8FC0 /* Supporting Files */ = {
			isa = PBXGroup;
			children = (
				630A71B11B9D34CD006F8FC0 /* LionsAndTigersAssets */,
				630A718E1B9D22D2006F8FC0 /* Info.plist */,
			);
			name = "Supporting Files";
			sourceTree = "<group>";
		};
		630A71A21B9D22D2006F8FC0 /* LionsAndTigersTests */ = {
			isa = PBXGroup;
			children = (
				630A71A51B9D22D2006F8FC0 /* LionsAndTigersTests.swift */,
				630A71A31B9D22D2006F8FC0 /* Supporting Files */,
			);
			path = LionsAndTigersTests;
			sourceTree = "<group>";
		};
		630A71A31B9D22D2006F8FC0 /* Supporting Files */ = {
			isa = PBXGroup;
			children = (
				630A71A41B9D22D2006F8FC0 /* Info.plist */,
			);
			name = "Supporting Files";
			sourceTree = "<group>";
		};
		630A71B11B9D34CD006F8FC0 /* LionsAndTigersAssets */ = {
			isa = PBXGroup;
			children = (
				630A71B21B9D34CD006F8FC0 /* BengalTiger.jpg */,
				630A71B31B9D34CD006F8FC0 /* IndochineseTiger.jpg */,
				630A71B41B9D34CD006F8FC0 /* Lion.jpg */,
				630A71B51B9D34CD006F8FC0 /* LionCub1.jpg */,
				630A71B61B9D34CD006F8FC0 /* LionCub2.jpeg */,
				630A71B71B9D34CD006F8FC0 /* Lioness.jpeg */,
				630A71B81B9D34CD006F8FC0 /* MalayanTiger.jpg */,
				630A71B91B9D34CD006F8FC0 /* SiberianTiger.jpg */,
			);
			path = LionsAndTigersAssets;
			sourceTree = "<group>";
		};
/* End PBXGroup section */

/* Begin PBXNativeTarget section */
		630A71891B9D22D2006F8FC0 /* LionsAndTigers */ = {
			isa = PBXNativeTarget;
			buildConfigurationList = 630A71A91B9D22D2006F8FC0 /* Build configuration list for PBXNativeTarget "LionsAndTigers" */;
			buildPhases = (
				630A71861B9D22D2006F8FC0 /* Sources */,
				630A71871B9D22D2006F8FC0 /* Frameworks */,
				630A71881B9D22D2006F8FC0 /* Resources */,
			);
			buildRules = (
			);
			dependencies = (
			);
			name = LionsAndTigers;
			productName = LionsAndTigers;
			productReference = 630A718A1B9D22D2006F8FC0 /* LionsAndTigers.app */;
			productType = "com.apple.product-type.application";
		};
		630A719E1B9D22D2006F8FC0 /* LionsAndTigersTests */ = {
			isa = PBXNativeTarget;
			buildConfigurationList = 630A71AC1B9D22D2006F8FC0 /* Build configuration list for PBXNativeTarget "LionsAndTigersTests" */;
			buildPhases = (
				630A719B1B9D22D2006F8FC0 /* Sources */,
				630A719C1B9D22D2006F8FC0 /* Frameworks */,
				630A719D1B9D22D2006F8FC0 /* Resources */,
			);
			buildRules = (
			);
			dependencies = (
				630A71A11B9D22D2006F8FC0 /* PBXTargetDependency */,
			);
			name = LionsAndTigersTests;
			productName = LionsAndTigersTests;
			productReference = 630A719F1B9D22D2006F8FC0 /* LionsAndTigersTests.xctest */;
			productType = "com.apple.product-type.bundle.unit-test";
		};
/* End PBXNativeTarget section */

/* Begin PBXProject section */
		630A71821B9D22D2006F8FC0 /* Project object */ = {
			isa = PBXProject;
			attributes = {
				LastSwiftUpdateCheck = 0700;
				LastUpgradeCheck = 0700;
				ORGANIZATIONNAME = "Mike Craig";
				TargetAttributes = {
					630A71891B9D22D2006F8FC0 = {
						CreatedOnToolsVersion = 6.4;
					};
					630A719E1B9D22D2006F8FC0 = {
						CreatedOnToolsVersion = 6.4;
						TestTargetID = 630A71891B9D22D2006F8FC0;
					};
				};
			};
			buildConfigurationList = 630A71851B9D22D2006F8FC0 /* Build configuration list for PBXProject "LionsAndTigers" */;
			compatibilityVersion = "Xcode 3.2";
			developmentRegion = English;
			hasScannedForEncodings = 0;
			knownRegions = (
				en,
				Base,
			);
			mainGroup = 630A71811B9D22D2006F8FC0;
			productRefGroup = 630A718B1B9D22D2006F8FC0 /* Products */;
			projectDirPath = "";
			projectRoot = "";
			targets = (
				630A71891B9D22D2006F8FC0 /* LionsAndTigers */,
				630A719E1B9D22D2006F8FC0 /* LionsAndTigersTests */,
			);
		};
/* End PBXProject section */

/* Begin PBXResourcesBuildPhase section */
		630A71881B9D22D2006F8FC0 /* Resources */ = {
			isa = PBXResourcesBuildPhase;
			buildActionMask = 2147483647;
			files = (
				630A71BB1B9D34CD006F8FC0 /* IndochineseTiger.jpg in Resources */,
				630A71951B9D22D2006F8FC0 /* Main.storyboard in Resources */,
				630A719A1B9D22D2006F8FC0 /* LaunchScreen.xib in Resources */,
				630A71BF1B9D34CD006F8FC0 /* Lioness.jpeg in Resources */,
				630A71BD1B9D34CD006F8FC0 /* LionCub1.jpg in Resources */,
				630A71C01B9D34CD006F8FC0 /* MalayanTiger.jpg in Resources */,
				630A71C11B9D34CD006F8FC0 /* SiberianTiger.jpg in Resources */,
				630A71BA1B9D34CD006F8FC0 /* BengalTiger.jpg in Resources */,
				630A71971B9D22D2006F8FC0 /* Images.xcassets in Resources */,
				630A71BC1B9D34CD006F8FC0 /* Lion.jpg in Resources */,
				630A71BE1B9D34CD006F8FC0 /* LionCub2.jpeg in Resources */,
			);
			runOnlyForDeploymentPostprocessing = 0;
		};
		630A719D1B9D22D2006F8FC0 /* Resources */ = {
			isa = PBXResourcesBuildPhase;
			buildActionMask = 2147483647;
			files = (
			);
			runOnlyForDeploymentPostprocessing = 0;
		};
/* End PBXResourcesBuildPhase section */

/* Begin PBXSourcesBuildPhase section */
		630A71861B9D22D2006F8FC0 /* Sources */ = {
			isa = PBXSourcesBuildPhase;
			buildActionMask = 2147483647;
			files = (
				630A71921B9D22D2006F8FC0 /* ViewController.swift in Sources */,
				630A71B01B9D27A8006F8FC0 /* Tiger.swift in Sources */,
				630A71901B9D22D2006F8FC0 /* AppDelegate.swift in Sources */,
				1CB323611BB32E76000D918A /* LionCub.swift in Sources */,
				6324F1491BA908450061F11B /* Lion.swift in Sources */,
			);
			runOnlyForDeploymentPostprocessing = 0;
		};
		630A719B1B9D22D2006F8FC0 /* Sources */ = {
			isa = PBXSourcesBuildPhase;
			buildActionMask = 2147483647;
			files = (
				630A71A61B9D22D2006F8FC0 /* LionsAndTigersTests.swift in Sources */,
			);
			runOnlyForDeploymentPostprocessing = 0;
		};
/* End PBXSourcesBuildPhase section */

/* Begin PBXTargetDependency section */
		630A71A11B9D22D2006F8FC0 /* PBXTargetDependency */ = {
			isa = PBXTargetDependency;
			target = 630A71891B9D22D2006F8FC0 /* LionsAndTigers */;
			targetProxy = 630A71A01B9D22D2006F8FC0 /* PBXContainerItemProxy */;
		};
/* End PBXTargetDependency section */

/* Begin PBXVariantGroup section */
		630A71931B9D22D2006F8FC0 /* Main.storyboard */ = {
			isa = PBXVariantGroup;
			children = (
				630A71941B9D22D2006F8FC0 /* Base */,
			);
			name = Main.storyboard;
			sourceTree = "<group>";
		};
		630A71981B9D22D2006F8FC0 /* LaunchScreen.xib */ = {
			isa = PBXVariantGroup;
			children = (
				630A71991B9D22D2006F8FC0 /* Base */,
			);
			name = LaunchScreen.xib;
			sourceTree = "<group>";
		};
/* End PBXVariantGroup section */

/* Begin XCBuildConfiguration section */
		630A71A71B9D22D2006F8FC0 /* Debug */ = {
			isa = XCBuildConfiguration;
			buildSettings = {
				ALWAYS_SEARCH_USER_PATHS = NO;
				CLANG_CXX_LANGUAGE_STANDARD = "gnu++0x";
				CLANG_CXX_LIBRARY = "libc++";
				CLANG_ENABLE_MODULES = YES;
				CLANG_ENABLE_OBJC_ARC = YES;
				CLANG_WARN_BOOL_CONVERSION = YES;
				CLANG_WARN_CONSTANT_CONVERSION = YES;
				CLANG_WARN_DIRECT_OBJC_ISA_USAGE = YES_ERROR;
				CLANG_WARN_EMPTY_BODY = YES;
				CLANG_WARN_ENUM_CONVERSION = YES;
				CLANG_WARN_INT_CONVERSION = YES;
				CLANG_WARN_OBJC_ROOT_CLASS = YES_ERROR;
				CLANG_WARN_UNREACHABLE_CODE = YES;
				CLANG_WARN__DUPLICATE_METHOD_MATCH = YES;
				"CODE_SIGN_IDENTITY[sdk=iphoneos*]" = "iPhone Developer";
				COPY_PHASE_STRIP = NO;
				DEBUG_INFORMATION_FORMAT = "dwarf-with-dsym";
				ENABLE_STRICT_OBJC_MSGSEND = YES;
				ENABLE_TESTABILITY = YES;
				GCC_C_LANGUAGE_STANDARD = gnu99;
				GCC_DYNAMIC_NO_PIC = NO;
				GCC_NO_COMMON_BLOCKS = YES;
				GCC_OPTIMIZATION_LEVEL = 0;
				GCC_PREPROCESSOR_DEFINITIONS = (
					"DEBUG=1",
					"$(inherited)",
				);
				GCC_SYMBOLS_PRIVATE_EXTERN = NO;
				GCC_WARN_64_TO_32_BIT_CONVERSION = YES;
				GCC_WARN_ABOUT_RETURN_TYPE = YES_ERROR;
				GCC_WARN_UNDECLARED_SELECTOR = YES;
				GCC_WARN_UNINITIALIZED_AUTOS = YES_AGGRESSIVE;
				GCC_WARN_UNUSED_FUNCTION = YES;
				GCC_WARN_UNUSED_VARIABLE = YES;
				IPHONEOS_DEPLOYMENT_TARGET = 8.4;
				MTL_ENABLE_DEBUG_INFO = YES;
				ONLY_ACTIVE_ARCH = YES;
				SDKROOT = iphoneos;
				SWIFT_OPTIMIZATION_LEVEL = "-Onone";
				TARGETED_DEVICE_FAMILY = "1,2";
			};
			name = Debug;
		};
		630A71A81B9D22D2006F8FC0 /* Release */ = {
			isa = XCBuildConfiguration;
			buildSettings = {
				ALWAYS_SEARCH_USER_PATHS = NO;
				CLANG_CXX_LANGUAGE_STANDARD = "gnu++0x";
				CLANG_CXX_LIBRARY = "libc++";
				CLANG_ENABLE_MODULES = YES;
				CLANG_ENABLE_OBJC_ARC = YES;
				CLANG_WARN_BOOL_CONVERSION = YES;
				CLANG_WARN_CONSTANT_CONVERSION = YES;
				CLANG_WARN_DIRECT_OBJC_ISA_USAGE = YES_ERROR;
				CLANG_WARN_EMPTY_BODY = YES;
				CLANG_WARN_ENUM_CONVERSION = YES;
				CLANG_WARN_INT_CONVERSION = YES;
				CLANG_WARN_OBJC_ROOT_CLASS = YES_ERROR;
				CLANG_WARN_UNREACHABLE_CODE = YES;
				CLANG_WARN__DUPLICATE_METHOD_MATCH = YES;
				"CODE_SIGN_IDENTITY[sdk=iphoneos*]" = "iPhone Developer";
				COPY_PHASE_STRIP = NO;
				DEBUG_INFORMATION_FORMAT = "dwarf-with-dsym";
				ENABLE_NS_ASSERTIONS = NO;
				ENABLE_STRICT_OBJC_MSGSEND = YES;
				GCC_C_LANGUAGE_STANDARD = gnu99;
				GCC_NO_COMMON_BLOCKS = YES;
				GCC_WARN_64_TO_32_BIT_CONVERSION = YES;
				GCC_WARN_ABOUT_RETURN_TYPE = YES_ERROR;
				GCC_WARN_UNDECLARED_SELECTOR = YES;
				GCC_WARN_UNINITIALIZED_AUTOS = YES_AGGRESSIVE;
				GCC_WARN_UNUSED_FUNCTION = YES;
				GCC_WARN_UNUSED_VARIABLE = YES;
				IPHONEOS_DEPLOYMENT_TARGET = 8.4;
				MTL_ENABLE_DEBUG_INFO = NO;
				SDKROOT = iphoneos;
				TARGETED_DEVICE_FAMILY = "1,2";
				VALIDATE_PRODUCT = YES;
			};
			name = Release;
		};
		630A71AA1B9D22D2006F8FC0 /* Debug */ = {
			isa = XCBuildConfiguration;
			buildSettings = {
				ASSETCATALOG_COMPILER_APPICON_NAME = AppIcon;
				INFOPLIST_FILE = LionsAndTigers/Info.plist;
				LD_RUNPATH_SEARCH_PATHS = "$(inherited) @executable_path/Frameworks";
				PRODUCT_BUNDLE_IDENTIFIER = "com.mbc.$(PRODUCT_NAME:rfc1034identifier)";
				PRODUCT_NAME = "$(TARGET_NAME)";
			};
			name = Debug;
		};
		630A71AB1B9D22D2006F8FC0 /* Release */ = {
			isa = XCBuildConfiguration;
			buildSettings = {
				ASSETCATALOG_COMPILER_APPICON_NAME = AppIcon;
				INFOPLIST_FILE = LionsAndTigers/Info.plist;
				LD_RUNPATH_SEARCH_PATHS = "$(inherited) @executable_path/Frameworks";
				PRODUCT_BUNDLE_IDENTIFIER = "com.mbc.$(PRODUCT_NAME:rfc1034identifier)";
				PRODUCT_NAME = "$(TARGET_NAME)";
			};
			name = Release;
		};
		630A71AD1B9D22D2006F8FC0 /* Debug */ = {
			isa = XCBuildConfiguration;
			buildSettings = {
				BUNDLE_LOADER = "$(TEST_HOST)";
				FRAMEWORK_SEARCH_PATHS = (
					"$(SDKROOT)/Developer/Library/Frameworks",
					"$(inherited)",
				);
				GCC_PREPROCESSOR_DEFINITIONS = (
					"DEBUG=1",
					"$(inherited)",
				);
				INFOPLIST_FILE = LionsAndTigersTests/Info.plist;
				LD_RUNPATH_SEARCH_PATHS = "$(inherited) @executable_path/Frameworks @loader_path/Frameworks";
				PRODUCT_BUNDLE_IDENTIFIER = "com.mbc.$(PRODUCT_NAME:rfc1034identifier)";
				PRODUCT_NAME = "$(TARGET_NAME)";
				TEST_HOST = "$(BUILT_PRODUCTS_DIR)/LionsAndTigers.app/LionsAndTigers";
			};
			name = Debug;
		};
		630A71AE1B9D22D2006F8FC0 /* Release */ = {
			isa = XCBuildConfiguration;
			buildSettings = {
				BUNDLE_LOADER = "$(TEST_HOST)";
				FRAMEWORK_SEARCH_PATHS = (
					"$(SDKROOT)/Developer/Library/Frameworks",
					"$(inherited)",
				);
				INFOPLIST_FILE = LionsAndTigersTests/Info.plist;
				LD_RUNPATH_SEARCH_PATHS = "$(inherited) @executable_path/Frameworks @loader_path/Frameworks";
				PRODUCT_BUNDLE_IDENTIFIER = "com.mbc.$(PRODUCT_NAME:rfc1034identifier)";
				PRODUCT_NAME = "$(TARGET_NAME)";
				TEST_HOST = "$(BUILT_PRODUCTS_DIR)/LionsAndTigers.app/LionsAndTigers";
			};
			name = Release;
		};
/* End XCBuildConfiguration section */

/* Begin XCConfigurationList section */
		630A71851B9D22D2006F8FC0 /* Build configuration list for PBXProject "LionsAndTigers" */ = {
			isa = XCConfigurationList;
			buildConfigurations = (
				630A71A71B9D22D2006F8FC0 /* Debug */,
				630A71A81B9D22D2006F8FC0 /* Release */,
			);
			defaultConfigurationIsVisible = 0;
			defaultConfigurationName = Release;
		};
		630A71A91B9D22D2006F8FC0 /* Build configuration list for PBXNativeTarget "LionsAndTigers" */ = {
			isa = XCConfigurationList;
			buildConfigurations = (
				630A71AA1B9D22D2006F8FC0 /* Debug */,
				630A71AB1B9D22D2006F8FC0 /* Release */,
			);
			defaultConfigurationIsVisible = 0;
			defaultConfigurationName = Release;
		};
		630A71AC1B9D22D2006F8FC0 /* Build configuration list for PBXNativeTarget "LionsAndTigersTests" */ = {
			isa = XCConfigurationList;
			buildConfigurations = (
				630A71AD1B9D22D2006F8FC0 /* Debug */,
				630A71AE1B9D22D2006F8FC0 /* Release */,
			);
			defaultConfigurationIsVisible = 0;
			defaultConfigurationName = Release;
		};
/* End XCConfigurationList section */
	};
	rootObject = 630A71821B9D22D2006F8FC0 /* Project object */;
}
